// !$*UTF8*$!
{
	archiveVersion = 1;
	classes = {
	};
	objectVersion = 55;
	objects = {

/* Begin PBXBuildFile section */
		D018323B290D33EB00608F32 /* StockTableViewCell.swift in Sources */ = {isa = PBXBuildFile; fileRef = D018323A290D33EB00608F32 /* StockTableViewCell.swift */; };
		D0A79B2F28EDD5DC00F38790 /* Alamofire in Frameworks */ = {isa = PBXBuildFile; productRef = D0A79B2E28EDD5DC00F38790 /* Alamofire */; };
		D0AE37602901983500652244 /* montserrat in Resources */ = {isa = PBXBuildFile; fileRef = D0AE375F2901983500652244 /* montserrat */; };
		D0E16B5828EDD09A0070680A /* AppDelegate.swift in Sources */ = {isa = PBXBuildFile; fileRef = D0E16B5728EDD09A0070680A /* AppDelegate.swift */; };
		D0E16B5A28EDD09A0070680A /* SceneDelegate.swift in Sources */ = {isa = PBXBuildFile; fileRef = D0E16B5928EDD09A0070680A /* SceneDelegate.swift */; };
		D0E16B5C28EDD09A0070680A /* ViewController.swift in Sources */ = {isa = PBXBuildFile; fileRef = D0E16B5B28EDD09A0070680A /* ViewController.swift */; };
		D0E16B5F28EDD09A0070680A /* Main.storyboard in Resources */ = {isa = PBXBuildFile; fileRef = D0E16B5D28EDD09A0070680A /* Main.storyboard */; };
		D0E16B6228EDD09A0070680A /* StocksApp.xcdatamodeld in Sources */ = {isa = PBXBuildFile; fileRef = D0E16B6028EDD09A0070680A /* StocksApp.xcdatamodeld */; };
		D0E16B6428EDD09C0070680A /* Assets.xcassets in Resources */ = {isa = PBXBuildFile; fileRef = D0E16B6328EDD09C0070680A /* Assets.xcassets */; };
		D0E16B6728EDD09C0070680A /* LaunchScreen.storyboard in Resources */ = {isa = PBXBuildFile; fileRef = D0E16B6528EDD09C0070680A /* LaunchScreen.storyboard */; };
		D0E16B6F28EDD1030070680A /* Constants.swift in Sources */ = {isa = PBXBuildFile; fileRef = D0E16B6E28EDD1030070680A /* Constants.swift */; };
		D0E16B7128EDD1FB0070680A /* Manager.swift in Sources */ = {isa = PBXBuildFile; fileRef = D0E16B7028EDD1FB0070680A /* Manager.swift */; };
		D0FD068928F7499900FA648B /* SnapKit in Frameworks */ = {isa = PBXBuildFile; productRef = D0FD068828F7499900FA648B /* SnapKit */; };
		D0FD068C28F826C200FA648B /* Kingfisher in Frameworks */ = {isa = PBXBuildFile; productRef = D0FD068B28F826C200FA648B /* Kingfisher */; };
/* End PBXBuildFile section */

/* Begin PBXFileReference section */
		D018323A290D33EB00608F32 /* StockTableViewCell.swift */ = {isa = PBXFileReference; fileEncoding = 4; lastKnownFileType = sourcecode.swift; path = StockTableViewCell.swift; sourceTree = "<group>"; };
		D0AE375F2901983500652244 /* montserrat */ = {isa = PBXFileReference; lastKnownFileType = folder; path = montserrat; sourceTree = "<group>"; };
		D0E16B5428EDD09A0070680A /* StocksApp.app */ = {isa = PBXFileReference; explicitFileType = wrapper.application; includeInIndex = 0; path = StocksApp.app; sourceTree = BUILT_PRODUCTS_DIR; };
		D0E16B5728EDD09A0070680A /* AppDelegate.swift */ = {isa = PBXFileReference; lastKnownFileType = sourcecode.swift; path = AppDelegate.swift; sourceTree = "<group>"; };
		D0E16B5928EDD09A0070680A /* SceneDelegate.swift */ = {isa = PBXFileReference; lastKnownFileType = sourcecode.swift; path = SceneDelegate.swift; sourceTree = "<group>"; };
		D0E16B5B28EDD09A0070680A /* ViewController.swift */ = {isa = PBXFileReference; lastKnownFileType = sourcecode.swift; path = ViewController.swift; sourceTree = "<group>"; };
		D0E16B5E28EDD09A0070680A /* Base */ = {isa = PBXFileReference; lastKnownFileType = file.storyboard; name = Base; path = Base.lproj/Main.storyboard; sourceTree = "<group>"; };
		D0E16B6128EDD09A0070680A /* StocksApp.xcdatamodel */ = {isa = PBXFileReference; lastKnownFileType = wrapper.xcdatamodel; path = StocksApp.xcdatamodel; sourceTree = "<group>"; };
		D0E16B6328EDD09C0070680A /* Assets.xcassets */ = {isa = PBXFileReference; lastKnownFileType = folder.assetcatalog; path = Assets.xcassets; sourceTree = "<group>"; };
		D0E16B6628EDD09C0070680A /* Base */ = {isa = PBXFileReference; lastKnownFileType = file.storyboard; name = Base; path = Base.lproj/LaunchScreen.storyboard; sourceTree = "<group>"; };
		D0E16B6828EDD09C0070680A /* Info.plist */ = {isa = PBXFileReference; lastKnownFileType = text.plist.xml; path = Info.plist; sourceTree = "<group>"; };
		D0E16B6E28EDD1030070680A /* Constants.swift */ = {isa = PBXFileReference; lastKnownFileType = sourcecode.swift; path = Constants.swift; sourceTree = "<group>"; };
		D0E16B7028EDD1FB0070680A /* Manager.swift */ = {isa = PBXFileReference; lastKnownFileType = sourcecode.swift; path = Manager.swift; sourceTree = "<group>"; };
/* End PBXFileReference section */

/* Begin PBXFrameworksBuildPhase section */
		D0E16B5128EDD09A0070680A /* Frameworks */ = {
			isa = PBXFrameworksBuildPhase;
			buildActionMask = 2147483647;
			files = (
				D0FD068C28F826C200FA648B /* Kingfisher in Frameworks */,
				D0A79B2F28EDD5DC00F38790 /* Alamofire in Frameworks */,
				D0FD068928F7499900FA648B /* SnapKit in Frameworks */,
			);
			runOnlyForDeploymentPostprocessing = 0;
		};
/* End PBXFrameworksBuildPhase section */

/* Begin PBXGroup section */
		D018323C290D343C00608F32 /* Model */ = {
			isa = PBXGroup;
			children = (
				D0E16B6E28EDD1030070680A /* Constants.swift */,
				D0E16B7028EDD1FB0070680A /* Manager.swift */,
				D018323A290D33EB00608F32 /* StockTableViewCell.swift */,
			);
			path = Model;
			sourceTree = "<group>";
		};
		D0E16B4B28EDD09A0070680A = {
			isa = PBXGroup;
			children = (
				D0E16B5628EDD09A0070680A /* StocksApp */,
				D0E16B5528EDD09A0070680A /* Products */,
			);
			sourceTree = "<group>";
		};
		D0E16B5528EDD09A0070680A /* Products */ = {
			isa = PBXGroup;
			children = (
				D0E16B5428EDD09A0070680A /* StocksApp.app */,
			);
			name = Products;
			sourceTree = "<group>";
		};
		D0E16B5628EDD09A0070680A /* StocksApp */ = {
			isa = PBXGroup;
			children = (
				D0E16B5728EDD09A0070680A /* AppDelegate.swift */,
				D0E16B5928EDD09A0070680A /* SceneDelegate.swift */,
				D0E16B5B28EDD09A0070680A /* ViewController.swift */,
				D018323C290D343C00608F32 /* Model */,
				D0E16B5D28EDD09A0070680A /* Main.storyboard */,
				D0E16B6328EDD09C0070680A /* Assets.xcassets */,
				D0E16B6528EDD09C0070680A /* LaunchScreen.storyboard */,
				D0E16B6828EDD09C0070680A /* Info.plist */,
				D0E16B6028EDD09A0070680A /* StocksApp.xcdatamodeld */,
				D0AE375F2901983500652244 /* montserrat */,
			);
			path = StocksApp;
			sourceTree = "<group>";
		};
/* End PBXGroup section */

/* Begin PBXNativeTarget section */
		D0E16B5328EDD09A0070680A /* StocksApp */ = {
			isa = PBXNativeTarget;
			buildConfigurationList = D0E16B6B28EDD09C0070680A /* Build configuration list for PBXNativeTarget "StocksApp" */;
			buildPhases = (
				D0E16B5028EDD09A0070680A /* Sources */,
				D0E16B5128EDD09A0070680A /* Frameworks */,
				D0E16B5228EDD09A0070680A /* Resources */,
			);
			buildRules = (
			);
			dependencies = (
			);
			name = StocksApp;
			packageProductDependencies = (
				D0A79B2E28EDD5DC00F38790 /* Alamofire */,
				D0FD068828F7499900FA648B /* SnapKit */,
				D0FD068B28F826C200FA648B /* Kingfisher */,
			);
			productName = StocksApp;
			productReference = D0E16B5428EDD09A0070680A /* StocksApp.app */;
			productType = "com.apple.product-type.application";
		};
/* End PBXNativeTarget section */

/* Begin PBXProject section */
		D0E16B4C28EDD09A0070680A /* Project object */ = {
			isa = PBXProject;
			attributes = {
				BuildIndependentTargetsInParallel = 1;
				LastSwiftUpdateCheck = 1340;
				LastUpgradeCheck = 1340;
				TargetAttributes = {
					D0E16B5328EDD09A0070680A = {
						CreatedOnToolsVersion = 13.4.1;
					};
				};
			};
			buildConfigurationList = D0E16B4F28EDD09A0070680A /* Build configuration list for PBXProject "StocksApp" */;
			compatibilityVersion = "Xcode 13.0";
			developmentRegion = en;
			hasScannedForEncodings = 0;
			knownRegions = (
				en,
				Base,
			);
			mainGroup = D0E16B4B28EDD09A0070680A;
			packageReferences = (
				D0A79B2D28EDD5DC00F38790 /* XCRemoteSwiftPackageReference "Alamofire" */,
				D0FD068728F7499900FA648B /* XCRemoteSwiftPackageReference "SnapKit" */,
				D0FD068A28F826C200FA648B /* XCRemoteSwiftPackageReference "Kingfisher" */,
			);
			productRefGroup = D0E16B5528EDD09A0070680A /* Products */;
			projectDirPath = "";
			projectRoot = "";
			targets = (
				D0E16B5328EDD09A0070680A /* StocksApp */,
			);
		};
/* End PBXProject section */

/* Begin PBXResourcesBuildPhase section */
		D0E16B5228EDD09A0070680A /* Resources */ = {
			isa = PBXResourcesBuildPhase;
			buildActionMask = 2147483647;
			files = (
				D0E16B6728EDD09C0070680A /* LaunchScreen.storyboard in Resources */,
				D0AE37602901983500652244 /* montserrat in Resources */,
				D0E16B6428EDD09C0070680A /* Assets.xcassets in Resources */,
				D0E16B5F28EDD09A0070680A /* Main.storyboard in Resources */,
			);
			runOnlyForDeploymentPostprocessing = 0;
		};
/* End PBXResourcesBuildPhase section */

/* Begin PBXSourcesBuildPhase section */
		D0E16B5028EDD09A0070680A /* Sources */ = {
			isa = PBXSourcesBuildPhase;
			buildActionMask = 2147483647;
			files = (
				D0E16B6F28EDD1030070680A /* Constants.swift in Sources */,
				D0E16B7128EDD1FB0070680A /* Manager.swift in Sources */,
				D018323B290D33EB00608F32 /* StockTableViewCell.swift in Sources */,
				D0E16B5C28EDD09A0070680A /* ViewController.swift in Sources */,
				D0E16B5828EDD09A0070680A /* AppDelegate.swift in Sources */,
				D0E16B6228EDD09A0070680A /* StocksApp.xcdatamodeld in Sources */,
				D0E16B5A28EDD09A0070680A /* SceneDelegate.swift in Sources */,
			);
			runOnlyForDeploymentPostprocessing = 0;
		};
/* End PBXSourcesBuildPhase section */

/* Begin PBXVariantGroup section */
		D0E16B5D28EDD09A0070680A /* Main.storyboard */ = {
			isa = PBXVariantGroup;
			children = (
				D0E16B5E28EDD09A0070680A /* Base */,
			);
			name = Main.storyboard;
			sourceTree = "<group>";
		};
		D0E16B6528EDD09C0070680A /* LaunchScreen.storyboard */ = {
			isa = PBXVariantGroup;
			children = (
				D0E16B6628EDD09C0070680A /* Base */,
			);
			name = LaunchScreen.storyboard;
			sourceTree = "<group>";
		};
/* End PBXVariantGroup section */

/* Begin XCBuildConfiguration section */
		D0E16B6928EDD09C0070680A /* Debug */ = {
			isa = XCBuildConfiguration;
			buildSettings = {
				ALWAYS_SEARCH_USER_PATHS = NO;
				CLANG_ANALYZER_NONNULL = YES;
				CLANG_ANALYZER_NUMBER_OBJECT_CONVERSION = YES_AGGRESSIVE;
				CLANG_CXX_LANGUAGE_STANDARD = "gnu++17";
				CLANG_ENABLE_MODULES = YES;
				CLANG_ENABLE_OBJC_ARC = YES;
				CLANG_ENABLE_OBJC_WEAK = YES;
				CLANG_WARN_BLOCK_CAPTURE_AUTORELEASING = YES;
				CLANG_WARN_BOOL_CONVERSION = YES;
				CLANG_WARN_COMMA = YES;
				CLANG_WARN_CONSTANT_CONVERSION = YES;
				CLANG_WARN_DEPRECATED_OBJC_IMPLEMENTATIONS = YES;
				CLANG_WARN_DIRECT_OBJC_ISA_USAGE = YES_ERROR;
				CLANG_WARN_DOCUMENTATION_COMMENTS = YES;
				CLANG_WARN_EMPTY_BODY = YES;
				CLANG_WARN_ENUM_CONVERSION = YES;
				CLANG_WARN_INFINITE_RECURSION = YES;
				CLANG_WARN_INT_CONVERSION = YES;
				CLANG_WARN_NON_LITERAL_NULL_CONVERSION = YES;
				CLANG_WARN_OBJC_IMPLICIT_RETAIN_SELF = YES;
				CLANG_WARN_OBJC_LITERAL_CONVERSION = YES;
				CLANG_WARN_OBJC_ROOT_CLASS = YES_ERROR;
				CLANG_WARN_QUOTED_INCLUDE_IN_FRAMEWORK_HEADER = YES;
				CLANG_WARN_RANGE_LOOP_ANALYSIS = YES;
				CLANG_WARN_STRICT_PROTOTYPES = YES;
				CLANG_WARN_SUSPICIOUS_MOVE = YES;
				CLANG_WARN_UNGUARDED_AVAILABILITY = YES_AGGRESSIVE;
				CLANG_WARN_UNREACHABLE_CODE = YES;
				CLANG_WARN__DUPLICATE_METHOD_MATCH = YES;
				COPY_PHASE_STRIP = NO;
				DEBUG_INFORMATION_FORMAT = dwarf;
				ENABLE_STRICT_OBJC_MSGSEND = YES;
				ENABLE_TESTABILITY = YES;
				GCC_C_LANGUAGE_STANDARD = gnu11;
				GCC_DYNAMIC_NO_PIC = NO;
				GCC_NO_COMMON_BLOCKS = YES;
				GCC_OPTIMIZATION_LEVEL = 0;
				GCC_PREPROCESSOR_DEFINITIONS = (
					"DEBUG=1",
					"$(inherited)",
				);
				GCC_WARN_64_TO_32_BIT_CONVERSION = YES;
				GCC_WARN_ABOUT_RETURN_TYPE = YES_ERROR;
				GCC_WARN_UNDECLARED_SELECTOR = YES;
				GCC_WARN_UNINITIALIZED_AUTOS = YES_AGGRESSIVE;
				GCC_WARN_UNUSED_FUNCTION = YES;
				GCC_WARN_UNUSED_VARIABLE = YES;
				IPHONEOS_DEPLOYMENT_TARGET = 15.5;
				MTL_ENABLE_DEBUG_INFO = INCLUDE_SOURCE;
				MTL_FAST_MATH = YES;
				ONLY_ACTIVE_ARCH = YES;
				SDKROOT = iphoneos;
				SWIFT_ACTIVE_COMPILATION_CONDITIONS = DEBUG;
				SWIFT_OPTIMIZATION_LEVEL = "-Onone";
			};
			name = Debug;
		};
		D0E16B6A28EDD09C0070680A /* Release */ = {
			isa = XCBuildConfiguration;
			buildSettings = {
				ALWAYS_SEARCH_USER_PATHS = NO;
				CLANG_ANALYZER_NONNULL = YES;
				CLANG_ANALYZER_NUMBER_OBJECT_CONVERSION = YES_AGGRESSIVE;
				CLANG_CXX_LANGUAGE_STANDARD = "gnu++17";
				CLANG_ENABLE_MODULES = YES;
				CLANG_ENABLE_OBJC_ARC = YES;
				CLANG_ENABLE_OBJC_WEAK = YES;
				CLANG_WARN_BLOCK_CAPTURE_AUTORELEASING = YES;
				CLANG_WARN_BOOL_CONVERSION = YES;
				CLANG_WARN_COMMA = YES;
				CLANG_WARN_CONSTANT_CONVERSION = YES;
				CLANG_WARN_DEPRECATED_OBJC_IMPLEMENTATIONS = YES;
				CLANG_WARN_DIRECT_OBJC_ISA_USAGE = YES_ERROR;
				CLANG_WARN_DOCUMENTATION_COMMENTS = YES;
				CLANG_WARN_EMPTY_BODY = YES;
				CLANG_WARN_ENUM_CONVERSION = YES;
				CLANG_WARN_INFINITE_RECURSION = YES;
				CLANG_WARN_INT_CONVERSION = YES;
				CLANG_WARN_NON_LITERAL_NULL_CONVERSION = YES;
				CLANG_WARN_OBJC_IMPLICIT_RETAIN_SELF = YES;
				CLANG_WARN_OBJC_LITERAL_CONVERSION = YES;
				CLANG_WARN_OBJC_ROOT_CLASS = YES_ERROR;
				CLANG_WARN_QUOTED_INCLUDE_IN_FRAMEWORK_HEADER = YES;
				CLANG_WARN_RANGE_LOOP_ANALYSIS = YES;
				CLANG_WARN_STRICT_PROTOTYPES = YES;
				CLANG_WARN_SUSPICIOUS_MOVE = YES;
				CLANG_WARN_UNGUARDED_AVAILABILITY = YES_AGGRESSIVE;
				CLANG_WARN_UNREACHABLE_CODE = YES;
				CLANG_WARN__DUPLICATE_METHOD_MATCH = YES;
				COPY_PHASE_STRIP = NO;
				DEBUG_INFORMATION_FORMAT = "dwarf-with-dsym";
				ENABLE_NS_ASSERTIONS = NO;
				ENABLE_STRICT_OBJC_MSGSEND = YES;
				GCC_C_LANGUAGE_STANDARD = gnu11;
				GCC_NO_COMMON_BLOCKS = YES;
				GCC_WARN_64_TO_32_BIT_CONVERSION = YES;
				GCC_WARN_ABOUT_RETURN_TYPE = YES_ERROR;
				GCC_WARN_UNDECLARED_SELECTOR = YES;
				GCC_WARN_UNINITIALIZED_AUTOS = YES_AGGRESSIVE;
				GCC_WARN_UNUSED_FUNCTION = YES;
				GCC_WARN_UNUSED_VARIABLE = YES;
				IPHONEOS_DEPLOYMENT_TARGET = 15.5;
				MTL_ENABLE_DEBUG_INFO = NO;
				MTL_FAST_MATH = YES;
				SDKROOT = iphoneos;
				SWIFT_COMPILATION_MODE = wholemodule;
				SWIFT_OPTIMIZATION_LEVEL = "-O";
				VALIDATE_PRODUCT = YES;
			};
			name = Release;
		};
		D0E16B6C28EDD09C0070680A /* Debug */ = {
			isa = XCBuildConfiguration;
			buildSettings = {
				ASSETCATALOG_COMPILER_APPICON_NAME = AppIcon;
				ASSETCATALOG_COMPILER_GLOBAL_ACCENT_COLOR_NAME = AccentColor;
				CODE_SIGN_STYLE = Automatic;
				CURRENT_PROJECT_VERSION = 1;
				DEVELOPMENT_TEAM = D6XCX4WBQ8;
				GENERATE_INFOPLIST_FILE = YES;
				INFOPLIST_FILE = StocksApp/Info.plist;
				INFOPLIST_KEY_UIApplicationSupportsIndirectInputEvents = YES;
				INFOPLIST_KEY_UILaunchStoryboardName = LaunchScreen;
				INFOPLIST_KEY_UIMainStoryboardFile = Main;
				INFOPLIST_KEY_UISupportedInterfaceOrientations_iPad = "UIInterfaceOrientationPortrait UIInterfaceOrientationPortraitUpsideDown UIInterfaceOrientationLandscapeLeft UIInterfaceOrientationLandscapeRight";
				INFOPLIST_KEY_UISupportedInterfaceOrientations_iPhone = "UIInterfaceOrientationPortrait UIInterfaceOrientationLandscapeLeft UIInterfaceOrientationLandscapeRight";
				LD_RUNPATH_SEARCH_PATHS = (
					"$(inherited)",
					"@executable_path/Frameworks",
				);
				MARKETING_VERSION = 1.0;
				PRODUCT_BUNDLE_IDENTIFIER = Zhandos38.StocksApp;
				PRODUCT_NAME = "$(TARGET_NAME)";
				SWIFT_EMIT_LOC_STRINGS = YES;
				SWIFT_VERSION = 5.0;
				TARGETED_DEVICE_FAMILY = "1,2";
			};
			name = Debug;
		};
		D0E16B6D28EDD09C0070680A /* Release */ = {
			isa = XCBuildConfiguration;
			buildSettings = {
				ASSETCATALOG_COMPILER_APPICON_NAME = AppIcon;
				ASSETCATALOG_COMPILER_GLOBAL_ACCENT_COLOR_NAME = AccentColor;
				CODE_SIGN_STYLE = Automatic;
				CURRENT_PROJECT_VERSION = 1;
				DEVELOPMENT_TEAM = D6XCX4WBQ8;
				GENERATE_INFOPLIST_FILE = YES;
				INFOPLIST_FILE = StocksApp/Info.plist;
				INFOPLIST_KEY_UIApplicationSupportsIndirectInputEvents = YES;
				INFOPLIST_KEY_UILaunchStoryboardName = LaunchScreen;
				INFOPLIST_KEY_UIMainStoryboardFile = Main;
				INFOPLIST_KEY_UISupportedInterfaceOrientations_iPad = "UIInterfaceOrientationPortrait UIInterfaceOrientationPortraitUpsideDown UIInterfaceOrientationLandscapeLeft UIInterfaceOrientationLandscapeRight";
				INFOPLIST_KEY_UISupportedInterfaceOrientations_iPhone = "UIInterfaceOrientationPortrait UIInterfaceOrientationLandscapeLeft UIInterfaceOrientationLandscapeRight";
				LD_RUNPATH_SEARCH_PATHS = (
					"$(inherited)",
					"@executable_path/Frameworks",
				);
				MARKETING_VERSION = 1.0;
				PRODUCT_BUNDLE_IDENTIFIER = Zhandos38.StocksApp;
				PRODUCT_NAME = "$(TARGET_NAME)";
				SWIFT_EMIT_LOC_STRINGS = YES;
				SWIFT_VERSION = 5.0;
				TARGETED_DEVICE_FAMILY = "1,2";
			};
			name = Release;
		};
/* End XCBuildConfiguration section */

/* Begin XCConfigurationList section */
		D0E16B4F28EDD09A0070680A /* Build configuration list for PBXProject "StocksApp" */ = {
			isa = XCConfigurationList;
			buildConfigurations = (
				D0E16B6928EDD09C0070680A /* Debug */,
				D0E16B6A28EDD09C0070680A /* Release */,
			);
			defaultConfigurationIsVisible = 0;
			defaultConfigurationName = Release;
		};
		D0E16B6B28EDD09C0070680A /* Build configuration list for PBXNativeTarget "StocksApp" */ = {
			isa = XCConfigurationList;
			buildConfigurations = (
				D0E16B6C28EDD09C0070680A /* Debug */,
				D0E16B6D28EDD09C0070680A /* Release */,
			);
			defaultConfigurationIsVisible = 0;
			defaultConfigurationName = Release;
		};
/* End XCConfigurationList section */

/* Begin XCRemoteSwiftPackageReference section */
		D0A79B2D28EDD5DC00F38790 /* XCRemoteSwiftPackageReference "Alamofire" */ = {
			isa = XCRemoteSwiftPackageReference;
			repositoryURL = "https://github.com/Alamofire/Alamofire.git";
			requirement = {
				kind = upToNextMajorVersion;
				minimumVersion = 5.0.0;
			};
		};
		D0FD068728F7499900FA648B /* XCRemoteSwiftPackageReference "SnapKit" */ = {
			isa = XCRemoteSwiftPackageReference;
			repositoryURL = "https://github.com/SnapKit/SnapKit.git";
			requirement = {
				kind = upToNextMajorVersion;
				minimumVersion = 5.6.0;
			};
		};
		D0FD068A28F826C200FA648B /* XCRemoteSwiftPackageReference "Kingfisher" */ = {
			isa = XCRemoteSwiftPackageReference;
			repositoryURL = "https://github.com/onevcat/Kingfisher.git";
			requirement = {
				kind = upToNextMajorVersion;
				minimumVersion = 7.0.0;
			};
		};
/* End XCRemoteSwiftPackageReference section */

/* Begin XCSwiftPackageProductDependency section */
		D0A79B2E28EDD5DC00F38790 /* Alamofire */ = {
			isa = XCSwiftPackageProductDependency;
			package = D0A79B2D28EDD5DC00F38790 /* XCRemoteSwiftPackageReference "Alamofire" */;
			productName = Alamofire;
		};
		D0FD068828F7499900FA648B /* SnapKit */ = {
			isa = XCSwiftPackageProductDependency;
			package = D0FD068728F7499900FA648B /* XCRemoteSwiftPackageReference "SnapKit" */;
			productName = SnapKit;
		};
		D0FD068B28F826C200FA648B /* Kingfisher */ = {
			isa = XCSwiftPackageProductDependency;
			package = D0FD068A28F826C200FA648B /* XCRemoteSwiftPackageReference "Kingfisher" */;
			productName = Kingfisher;
		};
/* End XCSwiftPackageProductDependency section */

/* Begin XCVersionGroup section */
		D0E16B6028EDD09A0070680A /* StocksApp.xcdatamodeld */ = {
			isa = XCVersionGroup;
			children = (
				D0E16B6128EDD09A0070680A /* StocksApp.xcdatamodel */,
			);
			currentVersion = D0E16B6128EDD09A0070680A /* StocksApp.xcdatamodel */;
			path = StocksApp.xcdatamodeld;
			sourceTree = "<group>";
			versionGroupType = wrapper.xcdatamodel;
		};
/* End XCVersionGroup section */
	};
	rootObject = D0E16B4C28EDD09A0070680A /* Project object */;
}
